
Microsoft Visual Studio Solution File, Format Version 12.00
# Visual Studio Version 17
VisualStudioVersion = 17.2.32630.192
MinimumVisualStudioVersion = 10.0.40219.1
Project("{FAE04EC0-301F-11D3-BF4B-00C04F79EFBC}") = "FiltratoImagenes", "FiltratoImagenes\FiltratoImagenes.csproj", "{6A93F85D-D9DC-4AD5-BE98-9A681165FB8A}"
EndProject
Global
	GlobalSection(SolutionConfigurationPlatforms) = preSolution
		Debug|Any CPU = Debug|Any CPU
		Release|Any CPU = Release|Any CPU
	EndGlobalSection
	GlobalSection(ProjectConfigurationPlatforms) = postSolution
		{6A93F85D-D9DC-4AD5-BE98-9A681165FB8A}.Debug|Any CPU.ActiveCfg = Debug|Any CPU
		{6A93F85D-D9DC-4AD5-BE98-9A681165FB8A}.Debug|Any CPU.Build.0 = Debug|Any CPU
		{6A93F85D-D9DC-4AD5-BE98-9A681165FB8A}.Release|Any CPU.ActiveCfg = Release|Any CPU
		{6A93F85D-D9DC-4AD5-BE98-9A681165FB8A}.Release|Any CPU.Build.0 = Release|Any CPU
	EndGlobalSection
	GlobalSection(SolutionProperties) = preSolution
		HideSolutionNode = FALSE
	EndGlobalSection
	GlobalSection(ExtensibilityGlobals) = postSolution
		SolutionGuid = {54DBB1B6-C326-46C7-9DAC-24CDCD17CD58}
	EndGlobalSection
EndGlobal
